
Microsoft Visual Studio Solution File, Format Version 12.00
# Visual Studio 15
VisualStudioVersion = 15.0.28307.757
MinimumVisualStudioVersion = 10.0.40219.1
Project("{FAE04EC0-301F-11D3-BF4B-00C04F79EFBC}") = "UniqueValueRenderer", "UniqueValueRenderer\UniqueValueRenderer.csproj", "{15D198E2-73AB-4EF7-9B11-BC020637C0D6}"
EndProject
Global
	GlobalSection(SolutionConfigurationPlatforms) = preSolution
		Debug|Any CPU = Debug|Any CPU
		Release|Any CPU = Release|Any CPU
	EndGlobalSection
	GlobalSection(ProjectConfigurationPlatforms) = postSolution
		{15D198E2-73AB-4EF7-9B11-BC020637C0D6}.Debug|Any CPU.ActiveCfg = Debug|Any CPU
		{15D198E2-73AB-4EF7-9B11-BC020637C0D6}.Debug|Any CPU.Build.0 = Debug|Any CPU
		{15D198E2-73AB-4EF7-9B11-BC020637C0D6}.Release|Any CPU.ActiveCfg = Release|Any CPU
		{15D198E2-73AB-4EF7-9B11-BC020637C0D6}.Release|Any CPU.Build.0 = Release|Any CPU
	EndGlobalSection
	GlobalSection(SolutionProperties) = preSolution
		HideSolutionNode = FALSE
	EndGlobalSection
	GlobalSection(ExtensibilityGlobals) = postSolution
		SolutionGuid = {EDA86A56-A8D3-42ED-A13C-B990D91D2272}
	EndGlobalSection
EndGlobal
